
Microsoft Visual Studio Solution File, Format Version 12.00
# Visual Studio Version 16
VisualStudioVersion = 16.0.28803.156
MinimumVisualStudioVersion = 10.0.40219.1
Project("{9A19103F-16F7-4668-BE54-9A1E7A4F7556}") = "KataFizzbuzz", "KataFizzbuzz\KataFizzbuzz.csproj", "{49C1E96C-2DD7-4911-8361-A92B13BEC743}"
EndProject
Project("{9A19103F-16F7-4668-BE54-9A1E7A4F7556}") = "TestLib", "TestLib\TestLib.csproj", "{B3E8B370-60DE-4974-9CBD-9EF0CF4F666B}"
EndProject
Project("{FAE04EC0-301F-11D3-BF4B-00C04F79EFBC}") = "ConsoleApp", "ConsoleApp\ConsoleApp.csproj", "{C964DC65-FABA-4124-95CC-D2FAF2774A5A}"
EndProject
Global
	GlobalSection(SolutionConfigurationPlatforms) = preSolution
		Debug|Any CPU = Debug|Any CPU
		Release|Any CPU = Release|Any CPU
	EndGlobalSection
	GlobalSection(ProjectConfigurationPlatforms) = postSolution
		{49C1E96C-2DD7-4911-8361-A92B13BEC743}.Debug|Any CPU.ActiveCfg = Debug|Any CPU
		{49C1E96C-2DD7-4911-8361-A92B13BEC743}.Debug|Any CPU.Build.0 = Debug|Any CPU
		{49C1E96C-2DD7-4911-8361-A92B13BEC743}.Release|Any CPU.ActiveCfg = Release|Any CPU
		{49C1E96C-2DD7-4911-8361-A92B13BEC743}.Release|Any CPU.Build.0 = Release|Any CPU
		{B3E8B370-60DE-4974-9CBD-9EF0CF4F666B}.Debug|Any CPU.ActiveCfg = Debug|Any CPU
		{B3E8B370-60DE-4974-9CBD-9EF0CF4F666B}.Debug|Any CPU.Build.0 = Debug|Any CPU
		{B3E8B370-60DE-4974-9CBD-9EF0CF4F666B}.Release|Any CPU.ActiveCfg = Release|Any CPU
		{B3E8B370-60DE-4974-9CBD-9EF0CF4F666B}.Release|Any CPU.Build.0 = Release|Any CPU
		{C964DC65-FABA-4124-95CC-D2FAF2774A5A}.Debug|Any CPU.ActiveCfg = Debug|Any CPU
		{C964DC65-FABA-4124-95CC-D2FAF2774A5A}.Debug|Any CPU.Build.0 = Debug|Any CPU
		{C964DC65-FABA-4124-95CC-D2FAF2774A5A}.Release|Any CPU.ActiveCfg = Release|Any CPU
		{C964DC65-FABA-4124-95CC-D2FAF2774A5A}.Release|Any CPU.Build.0 = Release|Any CPU
	EndGlobalSection
	GlobalSection(SolutionProperties) = preSolution
		HideSolutionNode = FALSE
	EndGlobalSection
	GlobalSection(ExtensibilityGlobals) = postSolution
		SolutionGuid = {9C18F19D-B201-4808-B012-08A925F7DF95}
	EndGlobalSection
EndGlobal
